
Microsoft Visual Studio Solution File, Format Version 12.00
# Visual Studio Version 17
VisualStudioVersion = 17.3.32901.215
MinimumVisualStudioVersion = 10.0.40219.1
Project("{9A19103F-16F7-4668-BE54-9A1E7A4F7556}") = "web_app_hw", "web_app_hw\web_app_hw.csproj", "{0BFE01B5-4CD5-4263-A3EE-123A58335FE0}"
EndProject
Project("{9A19103F-16F7-4668-BE54-9A1E7A4F7556}") = "FitnessClub.Data", "FitnessClub.Data\FitnessClub.Data.csproj", "{83CDCF3F-1431-41D6-9473-958DA4C960A9}"
EndProject
Project("{FAE04EC0-301F-11D3-BF4B-00C04F79EFBC}") = "authentication", "authentication\authentication.csproj", "{6A1AB7D4-21C9-4314-948C-F252F2D2418A}"
EndProject
Project("{FAE04EC0-301F-11D3-BF4B-00C04F79EFBC}") = "AccountHelper", "AccountHelper\AccountHelper.csproj", "{A0AD4A2B-1AB1-4DBE-B75E-A59DF15E8EB8}"
EndProject
Global
	GlobalSection(SolutionConfigurationPlatforms) = preSolution
		Debug|Any CPU = Debug|Any CPU
		Release|Any CPU = Release|Any CPU
	EndGlobalSection
	GlobalSection(ProjectConfigurationPlatforms) = postSolution
		{0BFE01B5-4CD5-4263-A3EE-123A58335FE0}.Debug|Any CPU.ActiveCfg = Debug|Any CPU
		{0BFE01B5-4CD5-4263-A3EE-123A58335FE0}.Debug|Any CPU.Build.0 = Debug|Any CPU
		{0BFE01B5-4CD5-4263-A3EE-123A58335FE0}.Release|Any CPU.ActiveCfg = Release|Any CPU
		{0BFE01B5-4CD5-4263-A3EE-123A58335FE0}.Release|Any CPU.Build.0 = Release|Any CPU
		{83CDCF3F-1431-41D6-9473-958DA4C960A9}.Debug|Any CPU.ActiveCfg = Debug|Any CPU
		{83CDCF3F-1431-41D6-9473-958DA4C960A9}.Debug|Any CPU.Build.0 = Debug|Any CPU
		{83CDCF3F-1431-41D6-9473-958DA4C960A9}.Release|Any CPU.ActiveCfg = Release|Any CPU
		{83CDCF3F-1431-41D6-9473-958DA4C960A9}.Release|Any CPU.Build.0 = Release|Any CPU
		{6A1AB7D4-21C9-4314-948C-F252F2D2418A}.Debug|Any CPU.ActiveCfg = Debug|Any CPU
		{6A1AB7D4-21C9-4314-948C-F252F2D2418A}.Debug|Any CPU.Build.0 = Debug|Any CPU
		{6A1AB7D4-21C9-4314-948C-F252F2D2418A}.Release|Any CPU.ActiveCfg = Release|Any CPU
		{6A1AB7D4-21C9-4314-948C-F252F2D2418A}.Release|Any CPU.Build.0 = Release|Any CPU
		{A0AD4A2B-1AB1-4DBE-B75E-A59DF15E8EB8}.Debug|Any CPU.ActiveCfg = Debug|Any CPU
		{A0AD4A2B-1AB1-4DBE-B75E-A59DF15E8EB8}.Debug|Any CPU.Build.0 = Debug|Any CPU
		{A0AD4A2B-1AB1-4DBE-B75E-A59DF15E8EB8}.Release|Any CPU.ActiveCfg = Release|Any CPU
		{A0AD4A2B-1AB1-4DBE-B75E-A59DF15E8EB8}.Release|Any CPU.Build.0 = Release|Any CPU
	EndGlobalSection
	GlobalSection(SolutionProperties) = preSolution
		HideSolutionNode = FALSE
	EndGlobalSection
	GlobalSection(ExtensibilityGlobals) = postSolution
		SolutionGuid = {CFE5D117-2C32-42E4-ABC2-0593E205D558}
	EndGlobalSection
EndGlobal
